
Microsoft Visual Studio Solution File, Format Version 12.00
# Visual Studio Version 17
VisualStudioVersion = 17.0.31903.59
MinimumVisualStudioVersion = 10.0.40219.1
Project("{FAE04EC0-301F-11D3-BF4B-00C04F79EFBC}") = "FormEODY.Web", "FormEODY.Web\FormEODY.Web.csproj", "{730B5485-8A50-4001-8385-A5C3363C697C}"
EndProject
Project("{FAE04EC0-301F-11D3-BF4B-00C04F79EFBC}") = "FormEODY.Services", "FormEODY.Services\FormEODY.Services.csproj", "{85ADCBA7-8D00-477D-9CD7-0E1CE1CF05E1}"
EndProject
Project("{FAE04EC0-301F-11D3-BF4B-00C04F79EFBC}") = "FormEODY.DataAccess", "FormEODY.DataAccess\FormEODY.DataAccess.csproj", "{0973F204-C5D3-4D7C-B4AD-7723EFF0B85F}"
EndProject
Global
	GlobalSection(SolutionConfigurationPlatforms) = preSolution
		Debug|Any CPU = Debug|Any CPU
		Release|Any CPU = Release|Any CPU
	EndGlobalSection
	GlobalSection(SolutionProperties) = preSolution
		HideSolutionNode = FALSE
	EndGlobalSection
	GlobalSection(ProjectConfigurationPlatforms) = postSolution
		{730B5485-8A50-4001-8385-A5C3363C697C}.Debug|Any CPU.ActiveCfg = Debug|Any CPU
		{730B5485-8A50-4001-8385-A5C3363C697C}.Debug|Any CPU.Build.0 = Debug|Any CPU
		{730B5485-8A50-4001-8385-A5C3363C697C}.Release|Any CPU.ActiveCfg = Release|Any CPU
		{730B5485-8A50-4001-8385-A5C3363C697C}.Release|Any CPU.Build.0 = Release|Any CPU
		{85ADCBA7-8D00-477D-9CD7-0E1CE1CF05E1}.Debug|Any CPU.ActiveCfg = Debug|Any CPU
		{85ADCBA7-8D00-477D-9CD7-0E1CE1CF05E1}.Debug|Any CPU.Build.0 = Debug|Any CPU
		{85ADCBA7-8D00-477D-9CD7-0E1CE1CF05E1}.Release|Any CPU.ActiveCfg = Release|Any CPU
		{85ADCBA7-8D00-477D-9CD7-0E1CE1CF05E1}.Release|Any CPU.Build.0 = Release|Any CPU
		{0973F204-C5D3-4D7C-B4AD-7723EFF0B85F}.Debug|Any CPU.ActiveCfg = Debug|Any CPU
		{0973F204-C5D3-4D7C-B4AD-7723EFF0B85F}.Debug|Any CPU.Build.0 = Debug|Any CPU
		{0973F204-C5D3-4D7C-B4AD-7723EFF0B85F}.Release|Any CPU.ActiveCfg = Release|Any CPU
		{0973F204-C5D3-4D7C-B4AD-7723EFF0B85F}.Release|Any CPU.Build.0 = Release|Any CPU
	EndGlobalSection
EndGlobal
